// !$*UTF8*$!
{
	archiveVersion = 1;
	classes = {
	};
	objectVersion = 48;
	objects = {

/* Begin PBXBuildFile section */
		115BBA56205057340071FA04 /* CassiniViewController.swift in Sources */ = {isa = PBXBuildFile; fileRef = 115BBA55205057340071FA04 /* CassiniViewController.swift */; };
		11BC3EBD202C549900EEC914 /* AppDelegate.swift in Sources */ = {isa = PBXBuildFile; fileRef = 11BC3EBC202C549900EEC914 /* AppDelegate.swift */; };
		11BC3EC2202C549900EEC914 /* Main.storyboard in Resources */ = {isa = PBXBuildFile; fileRef = 11BC3EC0202C549900EEC914 /* Main.storyboard */; };
		11BC3EC4202C549900EEC914 /* Assets.xcassets in Resources */ = {isa = PBXBuildFile; fileRef = 11BC3EC3202C549900EEC914 /* Assets.xcassets */; };
		11BC3EC7202C549900EEC914 /* LaunchScreen.storyboard in Resources */ = {isa = PBXBuildFile; fileRef = 11BC3EC5202C549900EEC914 /* LaunchScreen.storyboard */; };
		11BC3ED0202C56A200EEC914 /* ImageViewController.swift in Sources */ = {isa = PBXBuildFile; fileRef = 11BC3ECF202C56A200EEC914 /* ImageViewController.swift */; };
		11BC3ED2202C5D1400EEC914 /* DemoURLs.swift in Sources */ = {isa = PBXBuildFile; fileRef = 11BC3ED1202C5D1400EEC914 /* DemoURLs.swift */; };
/* End PBXBuildFile section */

/* Begin PBXFileReference section */
		115BBA55205057340071FA04 /* CassiniViewController.swift */ = {isa = PBXFileReference; lastKnownFileType = sourcecode.swift; path = CassiniViewController.swift; sourceTree = "<group>"; };
		11BC3EB9202C549900EEC914 /* Cassini.app */ = {isa = PBXFileReference; explicitFileType = wrapper.application; includeInIndex = 0; path = Cassini.app; sourceTree = BUILT_PRODUCTS_DIR; };
		11BC3EBC202C549900EEC914 /* AppDelegate.swift */ = {isa = PBXFileReference; lastKnownFileType = sourcecode.swift; path = AppDelegate.swift; sourceTree = "<group>"; };
		11BC3EC1202C549900EEC914 /* Base */ = {isa = PBXFileReference; lastKnownFileType = file.storyboard; name = Base; path = Base.lproj/Main.storyboard; sourceTree = "<group>"; };
		11BC3EC3202C549900EEC914 /* Assets.xcassets */ = {isa = PBXFileReference; lastKnownFileType = folder.assetcatalog; path = Assets.xcassets; sourceTree = "<group>"; };
		11BC3EC6202C549900EEC914 /* Base */ = {isa = PBXFileReference; lastKnownFileType = file.storyboard; name = Base; path = Base.lproj/LaunchScreen.storyboard; sourceTree = "<group>"; };
		11BC3EC8202C549900EEC914 /* Info.plist */ = {isa = PBXFileReference; lastKnownFileType = text.plist.xml; path = Info.plist; sourceTree = "<group>"; };
		11BC3ECF202C56A200EEC914 /* ImageViewController.swift */ = {isa = PBXFileReference; lastKnownFileType = sourcecode.swift; path = ImageViewController.swift; sourceTree = "<group>"; };
		11BC3ED1202C5D1400EEC914 /* DemoURLs.swift */ = {isa = PBXFileReference; lastKnownFileType = sourcecode.swift; path = DemoURLs.swift; sourceTree = "<group>"; };
/* End PBXFileReference section */

/* Begin PBXFrameworksBuildPhase section */
		11BC3EB6202C549900EEC914 /* Frameworks */ = {
			isa = PBXFrameworksBuildPhase;
			buildActionMask = 2147483647;
			files = (
			);
			runOnlyForDeploymentPostprocessing = 0;
		};
/* End PBXFrameworksBuildPhase section */

/* Begin PBXGroup section */
		11BC3EB0202C549900EEC914 = {
			isa = PBXGroup;
			children = (
				11BC3EBB202C549900EEC914 /* Cassini */,
				11BC3EBA202C549900EEC914 /* Products */,
			);
			sourceTree = "<group>";
		};
		11BC3EBA202C549900EEC914 /* Products */ = {
			isa = PBXGroup;
			children = (
				11BC3EB9202C549900EEC914 /* Cassini.app */,
			);
			name = Products;
			sourceTree = "<group>";
		};
		11BC3EBB202C549900EEC914 /* Cassini */ = {
			isa = PBXGroup;
			children = (
				115BBA55205057340071FA04 /* CassiniViewController.swift */,
				11BC3ECF202C56A200EEC914 /* ImageViewController.swift */,
				11BC3ED1202C5D1400EEC914 /* DemoURLs.swift */,
				11BC3ECE202C55E200EEC914 /* Supporting Files */,
				11BC3EC0202C549900EEC914 /* Main.storyboard */,
				11BC3EC8202C549900EEC914 /* Info.plist */,
			);
			path = Cassini;
			sourceTree = "<group>";
		};
		11BC3ECE202C55E200EEC914 /* Supporting Files */ = {
			isa = PBXGroup;
			children = (
				11BC3EBC202C549900EEC914 /* AppDelegate.swift */,
				11BC3EC3202C549900EEC914 /* Assets.xcassets */,
				11BC3EC5202C549900EEC914 /* LaunchScreen.storyboard */,
			);
			path = "Supporting Files";
			sourceTree = "<group>";
		};
/* End PBXGroup section */

/* Begin PBXNativeTarget section */
		11BC3EB8202C549900EEC914 /* Cassini */ = {
			isa = PBXNativeTarget;
			buildConfigurationList = 11BC3ECB202C549900EEC914 /* Build configuration list for PBXNativeTarget "Cassini" */;
			buildPhases = (
				11BC3EB5202C549900EEC914 /* Sources */,
				11BC3EB6202C549900EEC914 /* Frameworks */,
				11BC3EB7202C549900EEC914 /* Resources */,
			);
			buildRules = (
			);
			dependencies = (
			);
			name = Cassini;
			productName = Cassini;
			productReference = 11BC3EB9202C549900EEC914 /* Cassini.app */;
			productType = "com.apple.product-type.application";
		};
/* End PBXNativeTarget section */

/* Begin PBXProject section */
		11BC3EB1202C549900EEC914 /* Project object */ = {
			isa = PBXProject;
			attributes = {
				LastSwiftUpdateCheck = 0920;
				LastUpgradeCheck = 0920;
				ORGANIZATIONNAME = Alexander;
				TargetAttributes = {
					11BC3EB8202C549900EEC914 = {
						CreatedOnToolsVersion = 9.2;
						ProvisioningStyle = Automatic;
					};
				};
			};
			buildConfigurationList = 11BC3EB4202C549900EEC914 /* Build configuration list for PBXProject "Cassini" */;
			compatibilityVersion = "Xcode 8.0";
			developmentRegion = en;
			hasScannedForEncodings = 0;
			knownRegions = (
				en,
				Base,
			);
			mainGroup = 11BC3EB0202C549900EEC914;
			productRefGroup = 11BC3EBA202C549900EEC914 /* Products */;
			projectDirPath = "";
			projectRoot = "";
			targets = (
				11BC3EB8202C549900EEC914 /* Cassini */,
			);
		};
/* End PBXProject section */

/* Begin PBXResourcesBuildPhase section */
		11BC3EB7202C549900EEC914 /* Resources */ = {
			isa = PBXResourcesBuildPhase;
			buildActionMask = 2147483647;
			files = (
				11BC3EC7202C549900EEC914 /* LaunchScreen.storyboard in Resources */,
				11BC3EC4202C549900EEC914 /* Assets.xcassets in Resources */,
				11BC3EC2202C549900EEC914 /* Main.storyboard in Resources */,
			);
			runOnlyForDeploymentPostprocessing = 0;
		};
/* End PBXResourcesBuildPhase section */

/* Begin PBXSourcesBuildPhase section */
		11BC3EB5202C549900EEC914 /* Sources */ = {
			isa = PBXSourcesBuildPhase;
			buildActionMask = 2147483647;
			files = (
				11BC3ED0202C56A200EEC914 /* ImageViewController.swift in Sources */,
				11BC3EBD202C549900EEC914 /* AppDelegate.swift in Sources */,
				11BC3ED2202C5D1400EEC914 /* DemoURLs.swift in Sources */,
				115BBA56205057340071FA04 /* CassiniViewController.swift in Sources */,
			);
			runOnlyForDeploymentPostprocessing = 0;
		};
/* End PBXSourcesBuildPhase section */

/* Begin PBXVariantGroup section */
		11BC3EC0202C549900EEC914 /* Main.storyboard */ = {
			isa = PBXVariantGroup;
			children = (
				11BC3EC1202C549900EEC914 /* Base */,
			);
			name = Main.storyboard;
			sourceTree = "<group>";
		};
		11BC3EC5202C549900EEC914 /* LaunchScreen.storyboard */ = {
			isa = PBXVariantGroup;
			children = (
				11BC3EC6202C549900EEC914 /* Base */,
			);
			name = LaunchScreen.storyboard;
			sourceTree = "<group>";
		};
/* End PBXVariantGroup section */

/* Begin XCBuildConfiguration section */
		11BC3EC9202C549900EEC914 /* Debug */ = {
			isa = XCBuildConfiguration;
			buildSettings = {
				ALWAYS_SEARCH_USER_PATHS = NO;
				CLANG_ANALYZER_NONNULL = YES;
				CLANG_ANALYZER_NUMBER_OBJECT_CONVERSION = YES_AGGRESSIVE;
				CLANG_CXX_LANGUAGE_STANDARD = "gnu++14";
				CLANG_CXX_LIBRARY = "libc++";
				CLANG_ENABLE_MODULES = YES;
				CLANG_ENABLE_OBJC_ARC = YES;
				CLANG_WARN_BLOCK_CAPTURE_AUTORELEASING = YES;
				CLANG_WARN_BOOL_CONVERSION = YES;
				CLANG_WARN_COMMA = YES;
				CLANG_WARN_CONSTANT_CONVERSION = YES;
				CLANG_WARN_DIRECT_OBJC_ISA_USAGE = YES_ERROR;
				CLANG_WARN_DOCUMENTATION_COMMENTS = YES;
				CLANG_WARN_EMPTY_BODY = YES;
				CLANG_WARN_ENUM_CONVERSION = YES;
				CLANG_WARN_INFINITE_RECURSION = YES;
				CLANG_WARN_INT_CONVERSION = YES;
				CLANG_WARN_NON_LITERAL_NULL_CONVERSION = YES;
				CLANG_WARN_OBJC_LITERAL_CONVERSION = YES;
				CLANG_WARN_OBJC_ROOT_CLASS = YES_ERROR;
				CLANG_WARN_RANGE_LOOP_ANALYSIS = YES;
				CLANG_WARN_STRICT_PROTOTYPES = YES;
				CLANG_WARN_SUSPICIOUS_MOVE = YES;
				CLANG_WARN_UNGUARDED_AVAILABILITY = YES_AGGRESSIVE;
				CLANG_WARN_UNREACHABLE_CODE = YES;
				CLANG_WARN__DUPLICATE_METHOD_MATCH = YES;
				CODE_SIGN_IDENTITY = "iPhone Developer";
				COPY_PHASE_STRIP = NO;
				DEBUG_INFORMATION_FORMAT = dwarf;
				ENABLE_STRICT_OBJC_MSGSEND = YES;
				ENABLE_TESTABILITY = YES;
				GCC_C_LANGUAGE_STANDARD = gnu11;
				GCC_DYNAMIC_NO_PIC = NO;
				GCC_NO_COMMON_BLOCKS = YES;
				GCC_OPTIMIZATION_LEVEL = 0;
				GCC_PREPROCESSOR_DEFINITIONS = (
					"DEBUG=1",
					"$(inherited)",
				);
				GCC_WARN_64_TO_32_BIT_CONVERSION = YES;
				GCC_WARN_ABOUT_RETURN_TYPE = YES_ERROR;
				GCC_WARN_UNDECLARED_SELECTOR = YES;
				GCC_WARN_UNINITIALIZED_AUTOS = YES_AGGRESSIVE;
				GCC_WARN_UNUSED_FUNCTION = YES;
				GCC_WARN_UNUSED_VARIABLE = YES;
				IPHONEOS_DEPLOYMENT_TARGET = 11.2;
				MTL_ENABLE_DEBUG_INFO = YES;
				ONLY_ACTIVE_ARCH = YES;
				SDKROOT = iphoneos;
				SWIFT_ACTIVE_COMPILATION_CONDITIONS = DEBUG;
				SWIFT_OPTIMIZATION_LEVEL = "-Onone";
			};
			name = Debug;
		};
		11BC3ECA202C549900EEC914 /* Release */ = {
			isa = XCBuildConfiguration;
			buildSettings = {
				ALWAYS_SEARCH_USER_PATHS = NO;
				CLANG_ANALYZER_NONNULL = YES;
				CLANG_ANALYZER_NUMBER_OBJECT_CONVERSION = YES_AGGRESSIVE;
				CLANG_CXX_LANGUAGE_STANDARD = "gnu++14";
				CLANG_CXX_LIBRARY = "libc++";
				CLANG_ENABLE_MODULES = YES;
				CLANG_ENABLE_OBJC_ARC = YES;
				CLANG_WARN_BLOCK_CAPTURE_AUTORELEASING = YES;
				CLANG_WARN_BOOL_CONVERSION = YES;
				CLANG_WARN_COMMA = YES;
				CLANG_WARN_CONSTANT_CONVERSION = YES;
				CLANG_WARN_DIRECT_OBJC_ISA_USAGE = YES_ERROR;
				CLANG_WARN_DOCUMENTATION_COMMENTS = YES;
				CLANG_WARN_EMPTY_BODY = YES;
				CLANG_WARN_ENUM_CONVERSION = YES;
				CLANG_WARN_INFINITE_RECURSION = YES;
				CLANG_WARN_INT_CONVERSION = YES;
				CLANG_WARN_NON_LITERAL_NULL_CONVERSION = YES;
				CLANG_WARN_OBJC_LITERAL_CONVERSION = YES;
				CLANG_WARN_OBJC_ROOT_CLASS = YES_ERROR;
				CLANG_WARN_RANGE_LOOP_ANALYSIS = YES;
				CLANG_WARN_STRICT_PROTOTYPES = YES;
				CLANG_WARN_SUSPICIOUS_MOVE = YES;
				CLANG_WARN_UNGUARDED_AVAILABILITY = YES_AGGRESSIVE;
				CLANG_WARN_UNREACHABLE_CODE = YES;
				CLANG_WARN__DUPLICATE_METHOD_MATCH = YES;
				CODE_SIGN_IDENTITY = "iPhone Developer";
				COPY_PHASE_STRIP = NO;
				DEBUG_INFORMATION_FORMAT = "dwarf-with-dsym";
				ENABLE_NS_ASSERTIONS = NO;
				ENABLE_STRICT_OBJC_MSGSEND = YES;
				GCC_C_LANGUAGE_STANDARD = gnu11;
				GCC_NO_COMMON_BLOCKS = YES;
				GCC_WARN_64_TO_32_BIT_CONVERSION = YES;
				GCC_WARN_ABOUT_RETURN_TYPE = YES_ERROR;
				GCC_WARN_UNDECLARED_SELECTOR = YES;
				GCC_WARN_UNINITIALIZED_AUTOS = YES_AGGRESSIVE;
				GCC_WARN_UNUSED_FUNCTION = YES;
				GCC_WARN_UNUSED_VARIABLE = YES;
				IPHONEOS_DEPLOYMENT_TARGET = 11.2;
				MTL_ENABLE_DEBUG_INFO = NO;
				SDKROOT = iphoneos;
				SWIFT_OPTIMIZATION_LEVEL = "-Owholemodule";
				VALIDATE_PRODUCT = YES;
			};
			name = Release;
		};
		11BC3ECC202C549900EEC914 /* Debug */ = {
			isa = XCBuildConfiguration;
			buildSettings = {
				ASSETCATALOG_COMPILER_APPICON_NAME = AppIcon;
				CODE_SIGN_STYLE = Automatic;
				DEVELOPMENT_TEAM = D28TDGKMKA;
				INFOPLIST_FILE = Cassini/Info.plist;
				IPHONEOS_DEPLOYMENT_TARGET = 11.1;
				LD_RUNPATH_SEARCH_PATHS = "$(inherited) @executable_path/Frameworks";
				PRODUCT_BUNDLE_IDENTIFIER = Appolica.Cassini;
				PRODUCT_NAME = "$(TARGET_NAME)";
				SWIFT_VERSION = 4.0;
				TARGETED_DEVICE_FAMILY = "1,2";
			};
			name = Debug;
		};
		11BC3ECD202C549900EEC914 /* Release */ = {
			isa = XCBuildConfiguration;
			buildSettings = {
				ASSETCATALOG_COMPILER_APPICON_NAME = AppIcon;
				CODE_SIGN_STYLE = Automatic;
				DEVELOPMENT_TEAM = D28TDGKMKA;
				INFOPLIST_FILE = Cassini/Info.plist;
				IPHONEOS_DEPLOYMENT_TARGET = 11.1;
				LD_RUNPATH_SEARCH_PATHS = "$(inherited) @executable_path/Frameworks";
				PRODUCT_BUNDLE_IDENTIFIER = Appolica.Cassini;
				PRODUCT_NAME = "$(TARGET_NAME)";
				SWIFT_VERSION = 4.0;
				TARGETED_DEVICE_FAMILY = "1,2";
			};
			name = Release;
		};
/* End XCBuildConfiguration section */

/* Begin XCConfigurationList section */
		11BC3EB4202C549900EEC914 /* Build configuration list for PBXProject "Cassini" */ = {
			isa = XCConfigurationList;
			buildConfigurations = (
				11BC3EC9202C549900EEC914 /* Debug */,
				11BC3ECA202C549900EEC914 /* Release */,
			);
			defaultConfigurationIsVisible = 0;
			defaultConfigurationName = Release;
		};
		11BC3ECB202C549900EEC914 /* Build configuration list for PBXNativeTarget "Cassini" */ = {
			isa = XCConfigurationList;
			buildConfigurations = (
				11BC3ECC202C549900EEC914 /* Debug */,
				11BC3ECD202C549900EEC914 /* Release */,
			);
			defaultConfigurationIsVisible = 0;
			defaultConfigurationName = Release;
		};
/* End XCConfigurationList section */
	};
	rootObject = 11BC3EB1202C549900EEC914 /* Project object */;
}
