// !$*UTF8*$!
{
	archiveVersion = 1;
	classes = {
	};
	objectVersion = 48;
	objects = {

/* Begin PBXBuildFile section */
		11A7B752201F47A000D8082B /* ConcentrationThemeChooserViewController.swift in Sources */ = {isa = PBXBuildFile; fileRef = 11A7B751201F47A000D8082B /* ConcentrationThemeChooserViewController.swift */; };
		11B68FC72005FEA90047E5EE /* AppDelegate.swift in Sources */ = {isa = PBXBuildFile; fileRef = 11B68FC62005FEA90047E5EE /* AppDelegate.swift */; };
		11B68FC92005FEA90047E5EE /* ConcentrationViewController.swift in Sources */ = {isa = PBXBuildFile; fileRef = 11B68FC82005FEA90047E5EE /* ConcentrationViewController.swift */; };
		11B68FCC2005FEA90047E5EE /* Main.storyboard in Resources */ = {isa = PBXBuildFile; fileRef = 11B68FCA2005FEA90047E5EE /* Main.storyboard */; };
		11B68FCE2005FEA90047E5EE /* Assets.xcassets in Resources */ = {isa = PBXBuildFile; fileRef = 11B68FCD2005FEA90047E5EE /* Assets.xcassets */; };
		11B68FD12005FEA90047E5EE /* LaunchScreen.storyboard in Resources */ = {isa = PBXBuildFile; fileRef = 11B68FCF2005FEA90047E5EE /* LaunchScreen.storyboard */; };
		11B68FDA20060AA50047E5EE /* Concentration.swift in Sources */ = {isa = PBXBuildFile; fileRef = 11B68FD920060AA50047E5EE /* Concentration.swift */; };
		11B68FDC2006120A0047E5EE /* Card.swift in Sources */ = {isa = PBXBuildFile; fileRef = 11B68FDB2006120A0047E5EE /* Card.swift */; };
/* End PBXBuildFile section */

/* Begin PBXFileReference section */
		11A7B751201F47A000D8082B /* ConcentrationThemeChooserViewController.swift */ = {isa = PBXFileReference; lastKnownFileType = sourcecode.swift; path = ConcentrationThemeChooserViewController.swift; sourceTree = "<group>"; };
		11B68FC32005FEA90047E5EE /* Concentration.app */ = {isa = PBXFileReference; explicitFileType = wrapper.application; includeInIndex = 0; path = Concentration.app; sourceTree = BUILT_PRODUCTS_DIR; };
		11B68FC62005FEA90047E5EE /* AppDelegate.swift */ = {isa = PBXFileReference; lastKnownFileType = sourcecode.swift; path = AppDelegate.swift; sourceTree = "<group>"; };
		11B68FC82005FEA90047E5EE /* ConcentrationViewController.swift */ = {isa = PBXFileReference; lastKnownFileType = sourcecode.swift; path = ConcentrationViewController.swift; sourceTree = "<group>"; };
		11B68FCB2005FEA90047E5EE /* Base */ = {isa = PBXFileReference; lastKnownFileType = file.storyboard; name = Base; path = Base.lproj/Main.storyboard; sourceTree = "<group>"; };
		11B68FCD2005FEA90047E5EE /* Assets.xcassets */ = {isa = PBXFileReference; lastKnownFileType = folder.assetcatalog; path = Assets.xcassets; sourceTree = "<group>"; };
		11B68FD02005FEA90047E5EE /* Base */ = {isa = PBXFileReference; lastKnownFileType = file.storyboard; name = Base; path = Base.lproj/LaunchScreen.storyboard; sourceTree = "<group>"; };
		11B68FD22005FEA90047E5EE /* Info.plist */ = {isa = PBXFileReference; lastKnownFileType = text.plist.xml; path = Info.plist; sourceTree = "<group>"; };
		11B68FD920060AA50047E5EE /* Concentration.swift */ = {isa = PBXFileReference; lastKnownFileType = sourcecode.swift; path = Concentration.swift; sourceTree = "<group>"; };
		11B68FDB2006120A0047E5EE /* Card.swift */ = {isa = PBXFileReference; lastKnownFileType = sourcecode.swift; path = Card.swift; sourceTree = "<group>"; };
/* End PBXFileReference section */

/* Begin PBXFrameworksBuildPhase section */
		11B68FC02005FEA90047E5EE /* Frameworks */ = {
			isa = PBXFrameworksBuildPhase;
			buildActionMask = 2147483647;
			files = (
			);
			runOnlyForDeploymentPostprocessing = 0;
		};
/* End PBXFrameworksBuildPhase section */

/* Begin PBXGroup section */
		11B68FBA2005FEA90047E5EE = {
			isa = PBXGroup;
			children = (
				11B68FC52005FEA90047E5EE /* Concentration */,
				11B68FC42005FEA90047E5EE /* Products */,
			);
			sourceTree = "<group>";
		};
		11B68FC42005FEA90047E5EE /* Products */ = {
			isa = PBXGroup;
			children = (
				11B68FC32005FEA90047E5EE /* Concentration.app */,
			);
			name = Products;
			sourceTree = "<group>";
		};
		11B68FC52005FEA90047E5EE /* Concentration */ = {
			isa = PBXGroup;
			children = (
				11B68FD82005FEDF0047E5EE /* Supporting Files */,
				11B68FD920060AA50047E5EE /* Concentration.swift */,
				11B68FDB2006120A0047E5EE /* Card.swift */,
				11B68FC82005FEA90047E5EE /* ConcentrationViewController.swift */,
				11A7B751201F47A000D8082B /* ConcentrationThemeChooserViewController.swift */,
				11B68FCA2005FEA90047E5EE /* Main.storyboard */,
				11B68FD22005FEA90047E5EE /* Info.plist */,
			);
			path = Concentration;
			sourceTree = "<group>";
		};
		11B68FD82005FEDF0047E5EE /* Supporting Files */ = {
			isa = PBXGroup;
			children = (
				11B68FC62005FEA90047E5EE /* AppDelegate.swift */,
				11B68FCD2005FEA90047E5EE /* Assets.xcassets */,
				11B68FCF2005FEA90047E5EE /* LaunchScreen.storyboard */,
			);
			path = "Supporting Files";
			sourceTree = "<group>";
		};
/* End PBXGroup section */

/* Begin PBXNativeTarget section */
		11B68FC22005FEA90047E5EE /* Concentration */ = {
			isa = PBXNativeTarget;
			buildConfigurationList = 11B68FD52005FEA90047E5EE /* Build configuration list for PBXNativeTarget "Concentration" */;
			buildPhases = (
				11B68FBF2005FEA90047E5EE /* Sources */,
				11B68FC02005FEA90047E5EE /* Frameworks */,
				11B68FC12005FEA90047E5EE /* Resources */,
			);
			buildRules = (
			);
			dependencies = (
			);
			name = Concentration;
			productName = Concentration;
			productReference = 11B68FC32005FEA90047E5EE /* Concentration.app */;
			productType = "com.apple.product-type.application";
		};
/* End PBXNativeTarget section */

/* Begin PBXProject section */
		11B68FBB2005FEA90047E5EE /* Project object */ = {
			isa = PBXProject;
			attributes = {
				LastSwiftUpdateCheck = 0920;
				LastUpgradeCheck = 0920;
				ORGANIZATIONNAME = Alexander;
				TargetAttributes = {
					11B68FC22005FEA90047E5EE = {
						CreatedOnToolsVersion = 9.2;
						ProvisioningStyle = Automatic;
					};
				};
			};
			buildConfigurationList = 11B68FBE2005FEA90047E5EE /* Build configuration list for PBXProject "Concentration" */;
			compatibilityVersion = "Xcode 8.0";
			developmentRegion = en;
			hasScannedForEncodings = 0;
			knownRegions = (
				en,
				Base,
			);
			mainGroup = 11B68FBA2005FEA90047E5EE;
			productRefGroup = 11B68FC42005FEA90047E5EE /* Products */;
			projectDirPath = "";
			projectRoot = "";
			targets = (
				11B68FC22005FEA90047E5EE /* Concentration */,
			);
		};
/* End PBXProject section */

/* Begin PBXResourcesBuildPhase section */
		11B68FC12005FEA90047E5EE /* Resources */ = {
			isa = PBXResourcesBuildPhase;
			buildActionMask = 2147483647;
			files = (
				11B68FD12005FEA90047E5EE /* LaunchScreen.storyboard in Resources */,
				11B68FCE2005FEA90047E5EE /* Assets.xcassets in Resources */,
				11B68FCC2005FEA90047E5EE /* Main.storyboard in Resources */,
			);
			runOnlyForDeploymentPostprocessing = 0;
		};
/* End PBXResourcesBuildPhase section */

/* Begin PBXSourcesBuildPhase section */
		11B68FBF2005FEA90047E5EE /* Sources */ = {
			isa = PBXSourcesBuildPhase;
			buildActionMask = 2147483647;
			files = (
				11A7B752201F47A000D8082B /* ConcentrationThemeChooserViewController.swift in Sources */,
				11B68FC92005FEA90047E5EE /* ConcentrationViewController.swift in Sources */,
				11B68FC72005FEA90047E5EE /* AppDelegate.swift in Sources */,
				11B68FDA20060AA50047E5EE /* Concentration.swift in Sources */,
				11B68FDC2006120A0047E5EE /* Card.swift in Sources */,
			);
			runOnlyForDeploymentPostprocessing = 0;
		};
/* End PBXSourcesBuildPhase section */

/* Begin PBXVariantGroup section */
		11B68FCA2005FEA90047E5EE /* Main.storyboard */ = {
			isa = PBXVariantGroup;
			children = (
				11B68FCB2005FEA90047E5EE /* Base */,
			);
			name = Main.storyboard;
			sourceTree = "<group>";
		};
		11B68FCF2005FEA90047E5EE /* LaunchScreen.storyboard */ = {
			isa = PBXVariantGroup;
			children = (
				11B68FD02005FEA90047E5EE /* Base */,
			);
			name = LaunchScreen.storyboard;
			sourceTree = "<group>";
		};
/* End PBXVariantGroup section */

/* Begin XCBuildConfiguration section */
		11B68FD32005FEA90047E5EE /* Debug */ = {
			isa = XCBuildConfiguration;
			buildSettings = {
				ALWAYS_SEARCH_USER_PATHS = NO;
				CLANG_ANALYZER_NONNULL = YES;
				CLANG_ANALYZER_NUMBER_OBJECT_CONVERSION = YES_AGGRESSIVE;
				CLANG_CXX_LANGUAGE_STANDARD = "gnu++14";
				CLANG_CXX_LIBRARY = "libc++";
				CLANG_ENABLE_MODULES = YES;
				CLANG_ENABLE_OBJC_ARC = YES;
				CLANG_WARN_BLOCK_CAPTURE_AUTORELEASING = YES;
				CLANG_WARN_BOOL_CONVERSION = YES;
				CLANG_WARN_COMMA = YES;
				CLANG_WARN_CONSTANT_CONVERSION = YES;
				CLANG_WARN_DIRECT_OBJC_ISA_USAGE = YES_ERROR;
				CLANG_WARN_DOCUMENTATION_COMMENTS = YES;
				CLANG_WARN_EMPTY_BODY = YES;
				CLANG_WARN_ENUM_CONVERSION = YES;
				CLANG_WARN_INFINITE_RECURSION = YES;
				CLANG_WARN_INT_CONVERSION = YES;
				CLANG_WARN_NON_LITERAL_NULL_CONVERSION = YES;
				CLANG_WARN_OBJC_LITERAL_CONVERSION = YES;
				CLANG_WARN_OBJC_ROOT_CLASS = YES_ERROR;
				CLANG_WARN_RANGE_LOOP_ANALYSIS = YES;
				CLANG_WARN_STRICT_PROTOTYPES = YES;
				CLANG_WARN_SUSPICIOUS_MOVE = YES;
				CLANG_WARN_UNGUARDED_AVAILABILITY = YES_AGGRESSIVE;
				CLANG_WARN_UNREACHABLE_CODE = YES;
				CLANG_WARN__DUPLICATE_METHOD_MATCH = YES;
				CODE_SIGN_IDENTITY = "iPhone Developer";
				COPY_PHASE_STRIP = NO;
				DEBUG_INFORMATION_FORMAT = dwarf;
				ENABLE_STRICT_OBJC_MSGSEND = YES;
				ENABLE_TESTABILITY = YES;
				GCC_C_LANGUAGE_STANDARD = gnu11;
				GCC_DYNAMIC_NO_PIC = NO;
				GCC_NO_COMMON_BLOCKS = YES;
				GCC_OPTIMIZATION_LEVEL = 0;
				GCC_PREPROCESSOR_DEFINITIONS = (
					"DEBUG=1",
					"$(inherited)",
				);
				GCC_WARN_64_TO_32_BIT_CONVERSION = YES;
				GCC_WARN_ABOUT_RETURN_TYPE = YES_ERROR;
				GCC_WARN_UNDECLARED_SELECTOR = YES;
				GCC_WARN_UNINITIALIZED_AUTOS = YES_AGGRESSIVE;
				GCC_WARN_UNUSED_FUNCTION = YES;
				GCC_WARN_UNUSED_VARIABLE = YES;
				IPHONEOS_DEPLOYMENT_TARGET = 11.2;
				MTL_ENABLE_DEBUG_INFO = YES;
				ONLY_ACTIVE_ARCH = YES;
				SDKROOT = iphoneos;
				SWIFT_ACTIVE_COMPILATION_CONDITIONS = DEBUG;
				SWIFT_OPTIMIZATION_LEVEL = "-Onone";
			};
			name = Debug;
		};
		11B68FD42005FEA90047E5EE /* Release */ = {
			isa = XCBuildConfiguration;
			buildSettings = {
				ALWAYS_SEARCH_USER_PATHS = NO;
				CLANG_ANALYZER_NONNULL = YES;
				CLANG_ANALYZER_NUMBER_OBJECT_CONVERSION = YES_AGGRESSIVE;
				CLANG_CXX_LANGUAGE_STANDARD = "gnu++14";
				CLANG_CXX_LIBRARY = "libc++";
				CLANG_ENABLE_MODULES = YES;
				CLANG_ENABLE_OBJC_ARC = YES;
				CLANG_WARN_BLOCK_CAPTURE_AUTORELEASING = YES;
				CLANG_WARN_BOOL_CONVERSION = YES;
				CLANG_WARN_COMMA = YES;
				CLANG_WARN_CONSTANT_CONVERSION = YES;
				CLANG_WARN_DIRECT_OBJC_ISA_USAGE = YES_ERROR;
				CLANG_WARN_DOCUMENTATION_COMMENTS = YES;
				CLANG_WARN_EMPTY_BODY = YES;
				CLANG_WARN_ENUM_CONVERSION = YES;
				CLANG_WARN_INFINITE_RECURSION = YES;
				CLANG_WARN_INT_CONVERSION = YES;
				CLANG_WARN_NON_LITERAL_NULL_CONVERSION = YES;
				CLANG_WARN_OBJC_LITERAL_CONVERSION = YES;
				CLANG_WARN_OBJC_ROOT_CLASS = YES_ERROR;
				CLANG_WARN_RANGE_LOOP_ANALYSIS = YES;
				CLANG_WARN_STRICT_PROTOTYPES = YES;
				CLANG_WARN_SUSPICIOUS_MOVE = YES;
				CLANG_WARN_UNGUARDED_AVAILABILITY = YES_AGGRESSIVE;
				CLANG_WARN_UNREACHABLE_CODE = YES;
				CLANG_WARN__DUPLICATE_METHOD_MATCH = YES;
				CODE_SIGN_IDENTITY = "iPhone Developer";
				COPY_PHASE_STRIP = NO;
				DEBUG_INFORMATION_FORMAT = "dwarf-with-dsym";
				ENABLE_NS_ASSERTIONS = NO;
				ENABLE_STRICT_OBJC_MSGSEND = YES;
				GCC_C_LANGUAGE_STANDARD = gnu11;
				GCC_NO_COMMON_BLOCKS = YES;
				GCC_WARN_64_TO_32_BIT_CONVERSION = YES;
				GCC_WARN_ABOUT_RETURN_TYPE = YES_ERROR;
				GCC_WARN_UNDECLARED_SELECTOR = YES;
				GCC_WARN_UNINITIALIZED_AUTOS = YES_AGGRESSIVE;
				GCC_WARN_UNUSED_FUNCTION = YES;
				GCC_WARN_UNUSED_VARIABLE = YES;
				IPHONEOS_DEPLOYMENT_TARGET = 11.2;
				MTL_ENABLE_DEBUG_INFO = NO;
				SDKROOT = iphoneos;
				SWIFT_OPTIMIZATION_LEVEL = "-Owholemodule";
				VALIDATE_PRODUCT = YES;
			};
			name = Release;
		};
		11B68FD62005FEA90047E5EE /* Debug */ = {
			isa = XCBuildConfiguration;
			buildSettings = {
				ASSETCATALOG_COMPILER_APPICON_NAME = AppIcon;
				CODE_SIGN_STYLE = Automatic;
				DEVELOPMENT_TEAM = D28TDGKMKA;
				INFOPLIST_FILE = Concentration/Info.plist;
				IPHONEOS_DEPLOYMENT_TARGET = 11.1;
				LD_RUNPATH_SEARCH_PATHS = "$(inherited) @executable_path/Frameworks";
				PRODUCT_BUNDLE_IDENTIFIER = Appolica.Concentration;
				PRODUCT_NAME = "$(TARGET_NAME)";
				SWIFT_VERSION = 4.0;
				TARGETED_DEVICE_FAMILY = "1,2";
			};
			name = Debug;
		};
		11B68FD72005FEA90047E5EE /* Release */ = {
			isa = XCBuildConfiguration;
			buildSettings = {
				ASSETCATALOG_COMPILER_APPICON_NAME = AppIcon;
				CODE_SIGN_STYLE = Automatic;
				DEVELOPMENT_TEAM = D28TDGKMKA;
				INFOPLIST_FILE = Concentration/Info.plist;
				IPHONEOS_DEPLOYMENT_TARGET = 11.1;
				LD_RUNPATH_SEARCH_PATHS = "$(inherited) @executable_path/Frameworks";
				PRODUCT_BUNDLE_IDENTIFIER = Appolica.Concentration;
				PRODUCT_NAME = "$(TARGET_NAME)";
				SWIFT_VERSION = 4.0;
				TARGETED_DEVICE_FAMILY = "1,2";
			};
			name = Release;
		};
/* End XCBuildConfiguration section */

/* Begin XCConfigurationList section */
		11B68FBE2005FEA90047E5EE /* Build configuration list for PBXProject "Concentration" */ = {
			isa = XCConfigurationList;
			buildConfigurations = (
				11B68FD32005FEA90047E5EE /* Debug */,
				11B68FD42005FEA90047E5EE /* Release */,
			);
			defaultConfigurationIsVisible = 0;
			defaultConfigurationName = Release;
		};
		11B68FD52005FEA90047E5EE /* Build configuration list for PBXNativeTarget "Concentration" */ = {
			isa = XCConfigurationList;
			buildConfigurations = (
				11B68FD62005FEA90047E5EE /* Debug */,
				11B68FD72005FEA90047E5EE /* Release */,
			);
			defaultConfigurationIsVisible = 0;
			defaultConfigurationName = Release;
		};
/* End XCConfigurationList section */
	};
	rootObject = 11B68FBB2005FEA90047E5EE /* Project object */;
}
